
Microsoft Visual Studio Solution File, Format Version 12.00
# Visual Studio Version 17
VisualStudioVersion = 17.3.32901.215
MinimumVisualStudioVersion = 10.0.40219.1
Project("{FAE04EC0-301F-11D3-BF4B-00C04F79EFBC}") = "SavePDF", "SavePDF.csproj", "{229BF7C5-A498-4BB8-9E72-9386020CBE5D}"
EndProject
Global
	GlobalSection(SolutionConfigurationPlatforms) = preSolution
		Debug|Any CPU = Debug|Any CPU
		Release|Any CPU = Release|Any CPU
	EndGlobalSection
	GlobalSection(ProjectConfigurationPlatforms) = postSolution
		{229BF7C5-A498-4BB8-9E72-9386020CBE5D}.Debug|Any CPU.ActiveCfg = Debug|Any CPU
		{229BF7C5-A498-4BB8-9E72-9386020CBE5D}.Debug|Any CPU.Build.0 = Debug|Any CPU
		{229BF7C5-A498-4BB8-9E72-9386020CBE5D}.Release|Any CPU.ActiveCfg = Release|Any CPU
		{229BF7C5-A498-4BB8-9E72-9386020CBE5D}.Release|Any CPU.Build.0 = Release|Any CPU
	EndGlobalSection
	GlobalSection(SolutionProperties) = preSolution
		HideSolutionNode = FALSE
	EndGlobalSection
	GlobalSection(ExtensibilityGlobals) = postSolution
		SolutionGuid = {89075C06-DAB2-4E67-BB2F-56A1367CE6E8}
	EndGlobalSection
EndGlobal
